// !$*UTF8*$!
{
	archiveVersion = 1;
	classes = {
	};
	objectVersion = 51;
	objects = {

/* Begin PBXBuildFile section */
		7CA1479537549C45F0BC965D /* Pods_LottieTest.framework in Frameworks */ = {isa = PBXBuildFile; fileRef = 02870F60EF738B221B95E595 /* Pods_LottieTest.framework */; };
		D00DB04424AA209A00ED0FD7 /* Test2ViewController.m in Sources */ = {isa = PBXBuildFile; fileRef = D00DB04224AA209A00ED0FD7 /* Test2ViewController.m */; };
		D00DB04824AA21CB00ED0FD7 /* animation in Resources */ = {isa = PBXBuildFile; fileRef = D00DB04724AA21CB00ED0FD7 /* animation */; };
		D00DB04B24AA289E00ED0FD7 /* transitions.json in Resources */ = {isa = PBXBuildFile; fileRef = D00DB04924AA289D00ED0FD7 /* transitions.json */; };
		D00DB04C24AA289E00ED0FD7 /* transitions2.json in Resources */ = {isa = PBXBuildFile; fileRef = D00DB04A24AA289E00ED0FD7 /* transitions2.json */; };
		D06F059624A9DADC00DC1AAB /* TestOneViewController.m in Sources */ = {isa = PBXBuildFile; fileRef = D06F059524A9DADC00DC1AAB /* TestOneViewController.m */; };
		F9D44BAC24A9C3A50034F14A /* AppDelegate.m in Sources */ = {isa = PBXBuildFile; fileRef = F9D44BAB24A9C3A50034F14A /* AppDelegate.m */; };
		F9D44BAF24A9C3A50034F14A /* SceneDelegate.m in Sources */ = {isa = PBXBuildFile; fileRef = F9D44BAE24A9C3A50034F14A /* SceneDelegate.m */; };
		F9D44BB224A9C3A50034F14A /* ViewController.m in Sources */ = {isa = PBXBuildFile; fileRef = F9D44BB124A9C3A50034F14A /* ViewController.m */; };
		F9D44BB524A9C3A50034F14A /* Main.storyboard in Resources */ = {isa = PBXBuildFile; fileRef = F9D44BB324A9C3A50034F14A /* Main.storyboard */; };
		F9D44BB724A9C3A70034F14A /* Assets.xcassets in Resources */ = {isa = PBXBuildFile; fileRef = F9D44BB624A9C3A70034F14A /* Assets.xcassets */; };
		F9D44BBA24A9C3A70034F14A /* LaunchScreen.storyboard in Resources */ = {isa = PBXBuildFile; fileRef = F9D44BB824A9C3A70034F14A /* LaunchScreen.storyboard */; };
		F9D44BBD24A9C3A70034F14A /* main.m in Sources */ = {isa = PBXBuildFile; fileRef = F9D44BBC24A9C3A70034F14A /* main.m */; };
		F9D44BC724A9C3A70034F14A /* LottieTestTests.m in Sources */ = {isa = PBXBuildFile; fileRef = F9D44BC624A9C3A70034F14A /* LottieTestTests.m */; };
		F9D44BD224A9C3A70034F14A /* LottieTestUITests.m in Sources */ = {isa = PBXBuildFile; fileRef = F9D44BD124A9C3A70034F14A /* LottieTestUITests.m */; };
/* End PBXBuildFile section */

/* Begin PBXContainerItemProxy section */
		F9D44BC324A9C3A70034F14A /* PBXContainerItemProxy */ = {
			isa = PBXContainerItemProxy;
			containerPortal = F9D44B9F24A9C3A50034F14A /* Project object */;
			proxyType = 1;
			remoteGlobalIDString = F9D44BA624A9C3A50034F14A;
			remoteInfo = LottieTest;
		};
		F9D44BCE24A9C3A70034F14A /* PBXContainerItemProxy */ = {
			isa = PBXContainerItemProxy;
			containerPortal = F9D44B9F24A9C3A50034F14A /* Project object */;
			proxyType = 1;
			remoteGlobalIDString = F9D44BA624A9C3A50034F14A;
			remoteInfo = LottieTest;
		};
/* End PBXContainerItemProxy section */

/* Begin PBXFileReference section */
		02870F60EF738B221B95E595 /* Pods_LottieTest.framework */ = {isa = PBXFileReference; explicitFileType = wrapper.framework; includeInIndex = 0; path = Pods_LottieTest.framework; sourceTree = BUILT_PRODUCTS_DIR; };
		6CEDECF4A8B5345B5C68A71D /* Pods-LottieTest.debug.xcconfig */ = {isa = PBXFileReference; includeInIndex = 1; lastKnownFileType = text.xcconfig; name = "Pods-LottieTest.debug.xcconfig"; path = "Target Support Files/Pods-LottieTest/Pods-LottieTest.debug.xcconfig"; sourceTree = "<group>"; };
		D00DB04224AA209A00ED0FD7 /* Test2ViewController.m */ = {isa = PBXFileReference; fileEncoding = 4; lastKnownFileType = sourcecode.c.objc; path = Test2ViewController.m; sourceTree = "<group>"; };
		D00DB04324AA209A00ED0FD7 /* Test2ViewController.h */ = {isa = PBXFileReference; fileEncoding = 4; lastKnownFileType = sourcecode.c.h; path = Test2ViewController.h; sourceTree = "<group>"; };
		D00DB04724AA21CB00ED0FD7 /* animation */ = {isa = PBXFileReference; lastKnownFileType = folder; path = animation; sourceTree = "<group>"; };
		D00DB04924AA289D00ED0FD7 /* transitions.json */ = {isa = PBXFileReference; fileEncoding = 4; lastKnownFileType = text.json; path = transitions.json; sourceTree = "<group>"; };
		D00DB04A24AA289E00ED0FD7 /* transitions2.json */ = {isa = PBXFileReference; fileEncoding = 4; lastKnownFileType = text.json; path = transitions2.json; sourceTree = "<group>"; };
		D06F059424A9DADC00DC1AAB /* TestOneViewController.h */ = {isa = PBXFileReference; lastKnownFileType = sourcecode.c.h; path = TestOneViewController.h; sourceTree = "<group>"; };
		D06F059524A9DADC00DC1AAB /* TestOneViewController.m */ = {isa = PBXFileReference; lastKnownFileType = sourcecode.c.objc; path = TestOneViewController.m; sourceTree = "<group>"; };
		EE119C45877082092F6BD120 /* Pods-LottieTest.release.xcconfig */ = {isa = PBXFileReference; includeInIndex = 1; lastKnownFileType = text.xcconfig; name = "Pods-LottieTest.release.xcconfig"; path = "Target Support Files/Pods-LottieTest/Pods-LottieTest.release.xcconfig"; sourceTree = "<group>"; };
		F9D44BA724A9C3A50034F14A /* LottieTest.app */ = {isa = PBXFileReference; explicitFileType = wrapper.application; includeInIndex = 0; path = LottieTest.app; sourceTree = BUILT_PRODUCTS_DIR; };
		F9D44BAA24A9C3A50034F14A /* AppDelegate.h */ = {isa = PBXFileReference; lastKnownFileType = sourcecode.c.h; path = AppDelegate.h; sourceTree = "<group>"; };
		F9D44BAB24A9C3A50034F14A /* AppDelegate.m */ = {isa = PBXFileReference; lastKnownFileType = sourcecode.c.objc; path = AppDelegate.m; sourceTree = "<group>"; };
		F9D44BAD24A9C3A50034F14A /* SceneDelegate.h */ = {isa = PBXFileReference; lastKnownFileType = sourcecode.c.h; path = SceneDelegate.h; sourceTree = "<group>"; };
		F9D44BAE24A9C3A50034F14A /* SceneDelegate.m */ = {isa = PBXFileReference; lastKnownFileType = sourcecode.c.objc; path = SceneDelegate.m; sourceTree = "<group>"; };
		F9D44BB024A9C3A50034F14A /* ViewController.h */ = {isa = PBXFileReference; lastKnownFileType = sourcecode.c.h; path = ViewController.h; sourceTree = "<group>"; };
		F9D44BB124A9C3A50034F14A /* ViewController.m */ = {isa = PBXFileReference; lastKnownFileType = sourcecode.c.objc; path = ViewController.m; sourceTree = "<group>"; };
		F9D44BB424A9C3A50034F14A /* Base */ = {isa = PBXFileReference; lastKnownFileType = file.storyboard; name = Base; path = Base.lproj/Main.storyboard; sourceTree = "<group>"; };
		F9D44BB624A9C3A70034F14A /* Assets.xcassets */ = {isa = PBXFileReference; lastKnownFileType = folder.assetcatalog; path = Assets.xcassets; sourceTree = "<group>"; };
		F9D44BB924A9C3A70034F14A /* Base */ = {isa = PBXFileReference; lastKnownFileType = file.storyboard; name = Base; path = Base.lproj/LaunchScreen.storyboard; sourceTree = "<group>"; };
		F9D44BBB24A9C3A70034F14A /* Info.plist */ = {isa = PBXFileReference; lastKnownFileType = text.plist.xml; path = Info.plist; sourceTree = "<group>"; };
		F9D44BBC24A9C3A70034F14A /* main.m */ = {isa = PBXFileReference; lastKnownFileType = sourcecode.c.objc; path = main.m; sourceTree = "<group>"; };
		F9D44BC224A9C3A70034F14A /* LottieTestTests.xctest */ = {isa = PBXFileReference; explicitFileType = wrapper.cfbundle; includeInIndex = 0; path = LottieTestTests.xctest; sourceTree = BUILT_PRODUCTS_DIR; };
		F9D44BC624A9C3A70034F14A /* LottieTestTests.m */ = {isa = PBXFileReference; lastKnownFileType = sourcecode.c.objc; path = LottieTestTests.m; sourceTree = "<group>"; };
		F9D44BC824A9C3A70034F14A /* Info.plist */ = {isa = PBXFileReference; lastKnownFileType = text.plist.xml; path = Info.plist; sourceTree = "<group>"; };
		F9D44BCD24A9C3A70034F14A /* LottieTestUITests.xctest */ = {isa = PBXFileReference; explicitFileType = wrapper.cfbundle; includeInIndex = 0; path = LottieTestUITests.xctest; sourceTree = BUILT_PRODUCTS_DIR; };
		F9D44BD124A9C3A70034F14A /* LottieTestUITests.m */ = {isa = PBXFileReference; lastKnownFileType = sourcecode.c.objc; path = LottieTestUITests.m; sourceTree = "<group>"; };
		F9D44BD324A9C3A70034F14A /* Info.plist */ = {isa = PBXFileReference; lastKnownFileType = text.plist.xml; path = Info.plist; sourceTree = "<group>"; };
/* End PBXFileReference section */

/* Begin PBXFrameworksBuildPhase section */
		F9D44BA424A9C3A50034F14A /* Frameworks */ = {
			isa = PBXFrameworksBuildPhase;
			buildActionMask = 2147483647;
			files = (
				7CA1479537549C45F0BC965D /* Pods_LottieTest.framework in Frameworks */,
			);
			runOnlyForDeploymentPostprocessing = 0;
		};
		F9D44BBF24A9C3A70034F14A /* Frameworks */ = {
			isa = PBXFrameworksBuildPhase;
			buildActionMask = 2147483647;
			files = (
			);
			runOnlyForDeploymentPostprocessing = 0;
		};
		F9D44BCA24A9C3A70034F14A /* Frameworks */ = {
			isa = PBXFrameworksBuildPhase;
			buildActionMask = 2147483647;
			files = (
			);
			runOnlyForDeploymentPostprocessing = 0;
		};
/* End PBXFrameworksBuildPhase section */

/* Begin PBXGroup section */
		273150E1AF3D1CAE484A241A /* Pods */ = {
			isa = PBXGroup;
			children = (
				6CEDECF4A8B5345B5C68A71D /* Pods-LottieTest.debug.xcconfig */,
				EE119C45877082092F6BD120 /* Pods-LottieTest.release.xcconfig */,
			);
			path = Pods;
			sourceTree = "<group>";
		};
		C7A6DC8C43B1541927EDCCB6 /* Frameworks */ = {
			isa = PBXGroup;
			children = (
				02870F60EF738B221B95E595 /* Pods_LottieTest.framework */,
			);
			name = Frameworks;
			sourceTree = "<group>";
		};
		F9D44B9E24A9C3A50034F14A = {
			isa = PBXGroup;
			children = (
				F9D44BA924A9C3A50034F14A /* LottieTest */,
				F9D44BC524A9C3A70034F14A /* LottieTestTests */,
				F9D44BD024A9C3A70034F14A /* LottieTestUITests */,
				F9D44BA824A9C3A50034F14A /* Products */,
				273150E1AF3D1CAE484A241A /* Pods */,
				C7A6DC8C43B1541927EDCCB6 /* Frameworks */,
			);
			sourceTree = "<group>";
		};
		F9D44BA824A9C3A50034F14A /* Products */ = {
			isa = PBXGroup;
			children = (
				F9D44BA724A9C3A50034F14A /* LottieTest.app */,
				F9D44BC224A9C3A70034F14A /* LottieTestTests.xctest */,
				F9D44BCD24A9C3A70034F14A /* LottieTestUITests.xctest */,
			);
			name = Products;
			sourceTree = "<group>";
		};
		F9D44BA924A9C3A50034F14A /* LottieTest */ = {
			isa = PBXGroup;
			children = (
				F9D44BAA24A9C3A50034F14A /* AppDelegate.h */,
				F9D44BAB24A9C3A50034F14A /* AppDelegate.m */,
				F9D44BAD24A9C3A50034F14A /* SceneDelegate.h */,
				F9D44BAE24A9C3A50034F14A /* SceneDelegate.m */,
				F9D44BB024A9C3A50034F14A /* ViewController.h */,
				F9D44BB124A9C3A50034F14A /* ViewController.m */,
				D06F059424A9DADC00DC1AAB /* TestOneViewController.h */,
				D06F059524A9DADC00DC1AAB /* TestOneViewController.m */,
				D00DB04324AA209A00ED0FD7 /* Test2ViewController.h */,
				D00DB04224AA209A00ED0FD7 /* Test2ViewController.m */,
				D00DB04924AA289D00ED0FD7 /* transitions.json */,
				D00DB04A24AA289E00ED0FD7 /* transitions2.json */,
				D00DB04724AA21CB00ED0FD7 /* animation */,
				F9D44BB324A9C3A50034F14A /* Main.storyboard */,
				F9D44BB624A9C3A70034F14A /* Assets.xcassets */,
				F9D44BB824A9C3A70034F14A /* LaunchScreen.storyboard */,
				F9D44BBB24A9C3A70034F14A /* Info.plist */,
				F9D44BBC24A9C3A70034F14A /* main.m */,
			);
			path = LottieTest;
			sourceTree = "<group>";
		};
		F9D44BC524A9C3A70034F14A /* LottieTestTests */ = {
			isa = PBXGroup;
			children = (
				F9D44BC624A9C3A70034F14A /* LottieTestTests.m */,
				F9D44BC824A9C3A70034F14A /* Info.plist */,
			);
			path = LottieTestTests;
			sourceTree = "<group>";
		};
		F9D44BD024A9C3A70034F14A /* LottieTestUITests */ = {
			isa = PBXGroup;
			children = (
				F9D44BD124A9C3A70034F14A /* LottieTestUITests.m */,
				F9D44BD324A9C3A70034F14A /* Info.plist */,
			);
			path = LottieTestUITests;
			sourceTree = "<group>";
		};
/* End PBXGroup section */

/* Begin PBXNativeTarget section */
		F9D44BA624A9C3A50034F14A /* LottieTest */ = {
			isa = PBXNativeTarget;
			buildConfigurationList = F9D44BD624A9C3A70034F14A /* Build configuration list for PBXNativeTarget "LottieTest" */;
			buildPhases = (
				CE1B050932D596BCE1666F5D /* [CP] Check Pods Manifest.lock */,
				F9D44BA324A9C3A50034F14A /* Sources */,
				F9D44BA424A9C3A50034F14A /* Frameworks */,
				F9D44BA524A9C3A50034F14A /* Resources */,
				E9C1A8537C400B0C23DFE5A7 /* [CP] Embed Pods Frameworks */,
			);
			buildRules = (
			);
			dependencies = (
			);
			name = LottieTest;
			productName = LottieTest;
			productReference = F9D44BA724A9C3A50034F14A /* LottieTest.app */;
			productType = "com.apple.product-type.application";
		};
		F9D44BC124A9C3A70034F14A /* LottieTestTests */ = {
			isa = PBXNativeTarget;
			buildConfigurationList = F9D44BD924A9C3A70034F14A /* Build configuration list for PBXNativeTarget "LottieTestTests" */;
			buildPhases = (
				F9D44BBE24A9C3A70034F14A /* Sources */,
				F9D44BBF24A9C3A70034F14A /* Frameworks */,
				F9D44BC024A9C3A70034F14A /* Resources */,
			);
			buildRules = (
			);
			dependencies = (
				F9D44BC424A9C3A70034F14A /* PBXTargetDependency */,
			);
			name = LottieTestTests;
			productName = LottieTestTests;
			productReference = F9D44BC224A9C3A70034F14A /* LottieTestTests.xctest */;
			productType = "com.apple.product-type.bundle.unit-test";
		};
		F9D44BCC24A9C3A70034F14A /* LottieTestUITests */ = {
			isa = PBXNativeTarget;
			buildConfigurationList = F9D44BDC24A9C3A70034F14A /* Build configuration list for PBXNativeTarget "LottieTestUITests" */;
			buildPhases = (
				F9D44BC924A9C3A70034F14A /* Sources */,
				F9D44BCA24A9C3A70034F14A /* Frameworks */,
				F9D44BCB24A9C3A70034F14A /* Resources */,
			);
			buildRules = (
			);
			dependencies = (
				F9D44BCF24A9C3A70034F14A /* PBXTargetDependency */,
			);
			name = LottieTestUITests;
			productName = LottieTestUITests;
			productReference = F9D44BCD24A9C3A70034F14A /* LottieTestUITests.xctest */;
			productType = "com.apple.product-type.bundle.ui-testing";
		};
/* End PBXNativeTarget section */

/* Begin PBXProject section */
		F9D44B9F24A9C3A50034F14A /* Project object */ = {
			isa = PBXProject;
			attributes = {
				LastUpgradeCheck = 1150;
				ORGANIZATIONNAME = ymy;
				TargetAttributes = {
					F9D44BA624A9C3A50034F14A = {
						CreatedOnToolsVersion = 11.5;
					};
					F9D44BC124A9C3A70034F14A = {
						CreatedOnToolsVersion = 11.5;
						TestTargetID = F9D44BA624A9C3A50034F14A;
					};
					F9D44BCC24A9C3A70034F14A = {
						CreatedOnToolsVersion = 11.5;
						TestTargetID = F9D44BA624A9C3A50034F14A;
					};
				};
			};
			buildConfigurationList = F9D44BA224A9C3A50034F14A /* Build configuration list for PBXProject "LottieTest" */;
			compatibilityVersion = "Xcode 9.3";
			developmentRegion = en;
			hasScannedForEncodings = 0;
			knownRegions = (
				en,
				Base,
			);
			mainGroup = F9D44B9E24A9C3A50034F14A;
			productRefGroup = F9D44BA824A9C3A50034F14A /* Products */;
			projectDirPath = "";
			projectRoot = "";
			targets = (
				F9D44BA624A9C3A50034F14A /* LottieTest */,
				F9D44BC124A9C3A70034F14A /* LottieTestTests */,
				F9D44BCC24A9C3A70034F14A /* LottieTestUITests */,
			);
		};
/* End PBXProject section */

/* Begin PBXResourcesBuildPhase section */
		F9D44BA524A9C3A50034F14A /* Resources */ = {
			isa = PBXResourcesBuildPhase;
			buildActionMask = 2147483647;
			files = (
				F9D44BBA24A9C3A70034F14A /* LaunchScreen.storyboard in Resources */,
				D00DB04C24AA289E00ED0FD7 /* transitions2.json in Resources */,
				D00DB04B24AA289E00ED0FD7 /* transitions.json in Resources */,
				D00DB04824AA21CB00ED0FD7 /* animation in Resources */,
				F9D44BB724A9C3A70034F14A /* Assets.xcassets in Resources */,
				F9D44BB524A9C3A50034F14A /* Main.storyboard in Resources */,
			);
			runOnlyForDeploymentPostprocessing = 0;
		};
		F9D44BC024A9C3A70034F14A /* Resources */ = {
			isa = PBXResourcesBuildPhase;
			buildActionMask = 2147483647;
			files = (
			);
			runOnlyForDeploymentPostprocessing = 0;
		};
		F9D44BCB24A9C3A70034F14A /* Resources */ = {
			isa = PBXResourcesBuildPhase;
			buildActionMask = 2147483647;
			files = (
			);
			runOnlyForDeploymentPostprocessing = 0;
		};
/* End PBXResourcesBuildPhase section */

/* Begin PBXShellScriptBuildPhase section */
		CE1B050932D596BCE1666F5D /* [CP] Check Pods Manifest.lock */ = {
			isa = PBXShellScriptBuildPhase;
			buildActionMask = 2147483647;
			files = (
			);
			inputFileListPaths = (
			);
			inputPaths = (
				"${PODS_PODFILE_DIR_PATH}/Podfile.lock",
				"${PODS_ROOT}/Manifest.lock",
			);
			name = "[CP] Check Pods Manifest.lock";
			outputFileListPaths = (
			);
			outputPaths = (
				"$(DERIVED_FILE_DIR)/Pods-LottieTest-checkManifestLockResult.txt",
			);
			runOnlyForDeploymentPostprocessing = 0;
			shellPath = /bin/sh;
			shellScript = "diff \"${PODS_PODFILE_DIR_PATH}/Podfile.lock\" \"${PODS_ROOT}/Manifest.lock\" > /dev/null\nif [ $? != 0 ] ; then\n    # print error to STDERR\n    echo \"error: The sandbox is not in sync with the Podfile.lock. Run 'pod install' or update your CocoaPods installation.\" >&2\n    exit 1\nfi\n# This output is used by Xcode 'outputs' to avoid re-running this script phase.\necho \"SUCCESS\" > \"${SCRIPT_OUTPUT_FILE_0}\"\n";
			showEnvVarsInLog = 0;
		};
		E9C1A8537C400B0C23DFE5A7 /* [CP] Embed Pods Frameworks */ = {
			isa = PBXShellScriptBuildPhase;
			buildActionMask = 2147483647;
			files = (
			);
			inputFileListPaths = (
				"${PODS_ROOT}/Target Support Files/Pods-LottieTest/Pods-LottieTest-frameworks-${CONFIGURATION}-input-files.xcfilelist",
			);
			name = "[CP] Embed Pods Frameworks";
			outputFileListPaths = (
				"${PODS_ROOT}/Target Support Files/Pods-LottieTest/Pods-LottieTest-frameworks-${CONFIGURATION}-output-files.xcfilelist",
			);
			runOnlyForDeploymentPostprocessing = 0;
			shellPath = /bin/sh;
			shellScript = "\"${PODS_ROOT}/Target Support Files/Pods-LottieTest/Pods-LottieTest-frameworks.sh\"\n";
			showEnvVarsInLog = 0;
		};
/* End PBXShellScriptBuildPhase section */

/* Begin PBXSourcesBuildPhase section */
		F9D44BA324A9C3A50034F14A /* Sources */ = {
			isa = PBXSourcesBuildPhase;
			buildActionMask = 2147483647;
			files = (
				D06F059624A9DADC00DC1AAB /* TestOneViewController.m in Sources */,
				F9D44BB224A9C3A50034F14A /* ViewController.m in Sources */,
				F9D44BAC24A9C3A50034F14A /* AppDelegate.m in Sources */,
				D00DB04424AA209A00ED0FD7 /* Test2ViewController.m in Sources */,
				F9D44BBD24A9C3A70034F14A /* main.m in Sources */,
				F9D44BAF24A9C3A50034F14A /* SceneDelegate.m in Sources */,
			);
			runOnlyForDeploymentPostprocessing = 0;
		};
		F9D44BBE24A9C3A70034F14A /* Sources */ = {
			isa = PBXSourcesBuildPhase;
			buildActionMask = 2147483647;
			files = (
				F9D44BC724A9C3A70034F14A /* LottieTestTests.m in Sources */,
			);
			runOnlyForDeploymentPostprocessing = 0;
		};
		F9D44BC924A9C3A70034F14A /* Sources */ = {
			isa = PBXSourcesBuildPhase;
			buildActionMask = 2147483647;
			files = (
				F9D44BD224A9C3A70034F14A /* LottieTestUITests.m in Sources */,
			);
			runOnlyForDeploymentPostprocessing = 0;
		};
/* End PBXSourcesBuildPhase section */

/* Begin PBXTargetDependency section */
		F9D44BC424A9C3A70034F14A /* PBXTargetDependency */ = {
			isa = PBXTargetDependency;
			target = F9D44BA624A9C3A50034F14A /* LottieTest */;
			targetProxy = F9D44BC324A9C3A70034F14A /* PBXContainerItemProxy */;
		};
		F9D44BCF24A9C3A70034F14A /* PBXTargetDependency */ = {
			isa = PBXTargetDependency;
			target = F9D44BA624A9C3A50034F14A /* LottieTest */;
			targetProxy = F9D44BCE24A9C3A70034F14A /* PBXContainerItemProxy */;
		};
/* End PBXTargetDependency section */

/* Begin PBXVariantGroup section */
		F9D44BB324A9C3A50034F14A /* Main.storyboard */ = {
			isa = PBXVariantGroup;
			children = (
				F9D44BB424A9C3A50034F14A /* Base */,
			);
			name = Main.storyboard;
			sourceTree = "<group>";
		};
		F9D44BB824A9C3A70034F14A /* LaunchScreen.storyboard */ = {
			isa = PBXVariantGroup;
			children = (
				F9D44BB924A9C3A70034F14A /* Base */,
			);
			name = LaunchScreen.storyboard;
			sourceTree = "<group>";
		};
/* End PBXVariantGroup section */

/* Begin XCBuildConfiguration section */
		F9D44BD424A9C3A70034F14A /* Debug */ = {
			isa = XCBuildConfiguration;
			buildSettings = {
				ALWAYS_SEARCH_USER_PATHS = NO;
				CLANG_ANALYZER_NONNULL = YES;
				CLANG_ANALYZER_NUMBER_OBJECT_CONVERSION = YES_AGGRESSIVE;
				CLANG_CXX_LANGUAGE_STANDARD = "gnu++14";
				CLANG_CXX_LIBRARY = "libc++";
				CLANG_ENABLE_MODULES = YES;
				CLANG_ENABLE_OBJC_ARC = YES;
				CLANG_ENABLE_OBJC_WEAK = YES;
				CLANG_WARN_BLOCK_CAPTURE_AUTORELEASING = YES;
				CLANG_WARN_BOOL_CONVERSION = YES;
				CLANG_WARN_COMMA = YES;
				CLANG_WARN_CONSTANT_CONVERSION = YES;
				CLANG_WARN_DEPRECATED_OBJC_IMPLEMENTATIONS = YES;
				CLANG_WARN_DIRECT_OBJC_ISA_USAGE = YES_ERROR;
				CLANG_WARN_DOCUMENTATION_COMMENTS = YES;
				CLANG_WARN_EMPTY_BODY = YES;
				CLANG_WARN_ENUM_CONVERSION = YES;
				CLANG_WARN_INFINITE_RECURSION = YES;
				CLANG_WARN_INT_CONVERSION = YES;
				CLANG_WARN_NON_LITERAL_NULL_CONVERSION = YES;
				CLANG_WARN_OBJC_IMPLICIT_RETAIN_SELF = YES;
				CLANG_WARN_OBJC_LITERAL_CONVERSION = YES;
				CLANG_WARN_OBJC_ROOT_CLASS = YES_ERROR;
				CLANG_WARN_RANGE_LOOP_ANALYSIS = YES;
				CLANG_WARN_STRICT_PROTOTYPES = YES;
				CLANG_WARN_SUSPICIOUS_MOVE = YES;
				CLANG_WARN_UNGUARDED_AVAILABILITY = YES_AGGRESSIVE;
				CLANG_WARN_UNREACHABLE_CODE = YES;
				CLANG_WARN__DUPLICATE_METHOD_MATCH = YES;
				COPY_PHASE_STRIP = NO;
				DEBUG_INFORMATION_FORMAT = dwarf;
				ENABLE_STRICT_OBJC_MSGSEND = YES;
				ENABLE_TESTABILITY = YES;
				GCC_C_LANGUAGE_STANDARD = gnu11;
				GCC_DYNAMIC_NO_PIC = NO;
				GCC_NO_COMMON_BLOCKS = YES;
				GCC_OPTIMIZATION_LEVEL = 0;
				GCC_PREPROCESSOR_DEFINITIONS = (
					"DEBUG=1",
					"$(inherited)",
				);
				GCC_WARN_64_TO_32_BIT_CONVERSION = YES;
				GCC_WARN_ABOUT_RETURN_TYPE = YES_ERROR;
				GCC_WARN_UNDECLARED_SELECTOR = YES;
				GCC_WARN_UNINITIALIZED_AUTOS = YES_AGGRESSIVE;
				GCC_WARN_UNUSED_FUNCTION = YES;
				GCC_WARN_UNUSED_VARIABLE = YES;
				IPHONEOS_DEPLOYMENT_TARGET = 13.5;
				MTL_ENABLE_DEBUG_INFO = INCLUDE_SOURCE;
				MTL_FAST_MATH = YES;
				ONLY_ACTIVE_ARCH = YES;
				SDKROOT = iphoneos;
			};
			name = Debug;
		};
		F9D44BD524A9C3A70034F14A /* Release */ = {
			isa = XCBuildConfiguration;
			buildSettings = {
				ALWAYS_SEARCH_USER_PATHS = NO;
				CLANG_ANALYZER_NONNULL = YES;
				CLANG_ANALYZER_NUMBER_OBJECT_CONVERSION = YES_AGGRESSIVE;
				CLANG_CXX_LANGUAGE_STANDARD = "gnu++14";
				CLANG_CXX_LIBRARY = "libc++";
				CLANG_ENABLE_MODULES = YES;
				CLANG_ENABLE_OBJC_ARC = YES;
				CLANG_ENABLE_OBJC_WEAK = YES;
				CLANG_WARN_BLOCK_CAPTURE_AUTORELEASING = YES;
				CLANG_WARN_BOOL_CONVERSION = YES;
				CLANG_WARN_COMMA = YES;
				CLANG_WARN_CONSTANT_CONVERSION = YES;
				CLANG_WARN_DEPRECATED_OBJC_IMPLEMENTATIONS = YES;
				CLANG_WARN_DIRECT_OBJC_ISA_USAGE = YES_ERROR;
				CLANG_WARN_DOCUMENTATION_COMMENTS = YES;
				CLANG_WARN_EMPTY_BODY = YES;
				CLANG_WARN_ENUM_CONVERSION = YES;
				CLANG_WARN_INFINITE_RECURSION = YES;
				CLANG_WARN_INT_CONVERSION = YES;
				CLANG_WARN_NON_LITERAL_NULL_CONVERSION = YES;
				CLANG_WARN_OBJC_IMPLICIT_RETAIN_SELF = YES;
				CLANG_WARN_OBJC_LITERAL_CONVERSION = YES;
				CLANG_WARN_OBJC_ROOT_CLASS = YES_ERROR;
				CLANG_WARN_RANGE_LOOP_ANALYSIS = YES;
				CLANG_WARN_STRICT_PROTOTYPES = YES;
				CLANG_WARN_SUSPICIOUS_MOVE = YES;
				CLANG_WARN_UNGUARDED_AVAILABILITY = YES_AGGRESSIVE;
				CLANG_WARN_UNREACHABLE_CODE = YES;
				CLANG_WARN__DUPLICATE_METHOD_MATCH = YES;
				COPY_PHASE_STRIP = NO;
				DEBUG_INFORMATION_FORMAT = "dwarf-with-dsym";
				ENABLE_NS_ASSERTIONS = NO;
				ENABLE_STRICT_OBJC_MSGSEND = YES;
				GCC_C_LANGUAGE_STANDARD = gnu11;
				GCC_NO_COMMON_BLOCKS = YES;
				GCC_WARN_64_TO_32_BIT_CONVERSION = YES;
				GCC_WARN_ABOUT_RETURN_TYPE = YES_ERROR;
				GCC_WARN_UNDECLARED_SELECTOR = YES;
				GCC_WARN_UNINITIALIZED_AUTOS = YES_AGGRESSIVE;
				GCC_WARN_UNUSED_FUNCTION = YES;
				GCC_WARN_UNUSED_VARIABLE = YES;
				IPHONEOS_DEPLOYMENT_TARGET = 13.5;
				MTL_ENABLE_DEBUG_INFO = NO;
				MTL_FAST_MATH = YES;
				SDKROOT = iphoneos;
				VALIDATE_PRODUCT = YES;
			};
			name = Release;
		};
		F9D44BD724A9C3A70034F14A /* Debug */ = {
			isa = XCBuildConfiguration;
			baseConfigurationReference = 6CEDECF4A8B5345B5C68A71D /* Pods-LottieTest.debug.xcconfig */;
			buildSettings = {
				ASSETCATALOG_COMPILER_APPICON_NAME = AppIcon;
				CODE_SIGN_STYLE = Automatic;
				DEVELOPMENT_TEAM = P52263544U;
				INFOPLIST_FILE = LottieTest/Info.plist;
				IPHONEOS_DEPLOYMENT_TARGET = 9.0;
				LD_RUNPATH_SEARCH_PATHS = (
					"$(inherited)",
					"@executable_path/Frameworks",
				);
				PRODUCT_BUNDLE_IDENTIFIER = com.dudu.LottieTest;
				PRODUCT_NAME = "$(TARGET_NAME)";
				TARGETED_DEVICE_FAMILY = "1,2";
			};
			name = Debug;
		};
		F9D44BD824A9C3A70034F14A /* Release */ = {
			isa = XCBuildConfiguration;
			baseConfigurationReference = EE119C45877082092F6BD120 /* Pods-LottieTest.release.xcconfig */;
			buildSettings = {
				ASSETCATALOG_COMPILER_APPICON_NAME = AppIcon;
				CODE_SIGN_STYLE = Automatic;
				DEVELOPMENT_TEAM = P52263544U;
				INFOPLIST_FILE = LottieTest/Info.plist;
				IPHONEOS_DEPLOYMENT_TARGET = 9.0;
				LD_RUNPATH_SEARCH_PATHS = (
					"$(inherited)",
					"@executable_path/Frameworks",
				);
				PRODUCT_BUNDLE_IDENTIFIER = com.dudu.LottieTest;
				PRODUCT_NAME = "$(TARGET_NAME)";
				TARGETED_DEVICE_FAMILY = "1,2";
			};
			name = Release;
		};
		F9D44BDA24A9C3A70034F14A /* Debug */ = {
			isa = XCBuildConfiguration;
			buildSettings = {
				BUNDLE_LOADER = "$(TEST_HOST)";
				CODE_SIGN_STYLE = Automatic;
				DEVELOPMENT_TEAM = ACA6AGYV2X;
				INFOPLIST_FILE = LottieTestTests/Info.plist;
				IPHONEOS_DEPLOYMENT_TARGET = 13.5;
				LD_RUNPATH_SEARCH_PATHS = (
					"$(inherited)",
					"@executable_path/Frameworks",
					"@loader_path/Frameworks",
				);
				PRODUCT_BUNDLE_IDENTIFIER = com.dudu.LottieTestTests;
				PRODUCT_NAME = "$(TARGET_NAME)";
				TARGETED_DEVICE_FAMILY = "1,2";
				TEST_HOST = "$(BUILT_PRODUCTS_DIR)/LottieTest.app/LottieTest";
			};
			name = Debug;
		};
		F9D44BDB24A9C3A70034F14A /* Release */ = {
			isa = XCBuildConfiguration;
			buildSettings = {
				BUNDLE_LOADER = "$(TEST_HOST)";
				CODE_SIGN_STYLE = Automatic;
				DEVELOPMENT_TEAM = ACA6AGYV2X;
				INFOPLIST_FILE = LottieTestTests/Info.plist;
				IPHONEOS_DEPLOYMENT_TARGET = 13.5;
				LD_RUNPATH_SEARCH_PATHS = (
					"$(inherited)",
					"@executable_path/Frameworks",
					"@loader_path/Frameworks",
				);
				PRODUCT_BUNDLE_IDENTIFIER = com.dudu.LottieTestTests;
				PRODUCT_NAME = "$(TARGET_NAME)";
				TARGETED_DEVICE_FAMILY = "1,2";
				TEST_HOST = "$(BUILT_PRODUCTS_DIR)/LottieTest.app/LottieTest";
			};
			name = Release;
		};
		F9D44BDD24A9C3A70034F14A /* Debug */ = {
			isa = XCBuildConfiguration;
			buildSettings = {
				CODE_SIGN_STYLE = Automatic;
				DEVELOPMENT_TEAM = ACA6AGYV2X;
				INFOPLIST_FILE = LottieTestUITests/Info.plist;
				LD_RUNPATH_SEARCH_PATHS = (
					"$(inherited)",
					"@executable_path/Frameworks",
					"@loader_path/Frameworks",
				);
				PRODUCT_BUNDLE_IDENTIFIER = com.dudu.LottieTestUITests;
				PRODUCT_NAME = "$(TARGET_NAME)";
				TARGETED_DEVICE_FAMILY = "1,2";
				TEST_TARGET_NAME = LottieTest;
			};
			name = Debug;
		};
		F9D44BDE24A9C3A70034F14A /* Release */ = {
			isa = XCBuildConfiguration;
			buildSettings = {
				CODE_SIGN_STYLE = Automatic;
				DEVELOPMENT_TEAM = ACA6AGYV2X;
				INFOPLIST_FILE = LottieTestUITests/Info.plist;
				LD_RUNPATH_SEARCH_PATHS = (
					"$(inherited)",
					"@executable_path/Frameworks",
					"@loader_path/Frameworks",
				);
				PRODUCT_BUNDLE_IDENTIFIER = com.dudu.LottieTestUITests;
				PRODUCT_NAME = "$(TARGET_NAME)";
				TARGETED_DEVICE_FAMILY = "1,2";
				TEST_TARGET_NAME = LottieTest;
			};
			name = Release;
		};
/* End XCBuildConfiguration section */

/* Begin XCConfigurationList section */
		F9D44BA224A9C3A50034F14A /* Build configuration list for PBXProject "LottieTest" */ = {
			isa = XCConfigurationList;
			buildConfigurations = (
				F9D44BD424A9C3A70034F14A /* Debug */,
				F9D44BD524A9C3A70034F14A /* Release */,
			);
			defaultConfigurationIsVisible = 0;
			defaultConfigurationName = Release;
		};
		F9D44BD624A9C3A70034F14A /* Build configuration list for PBXNativeTarget "LottieTest" */ = {
			isa = XCConfigurationList;
			buildConfigurations = (
				F9D44BD724A9C3A70034F14A /* Debug */,
				F9D44BD824A9C3A70034F14A /* Release */,
			);
			defaultConfigurationIsVisible = 0;
			defaultConfigurationName = Release;
		};
		F9D44BD924A9C3A70034F14A /* Build configuration list for PBXNativeTarget "LottieTestTests" */ = {
			isa = XCConfigurationList;
			buildConfigurations = (
				F9D44BDA24A9C3A70034F14A /* Debug */,
				F9D44BDB24A9C3A70034F14A /* Release */,
			);
			defaultConfigurationIsVisible = 0;
			defaultConfigurationName = Release;
		};
		F9D44BDC24A9C3A70034F14A /* Build configuration list for PBXNativeTarget "LottieTestUITests" */ = {
			isa = XCConfigurationList;
			buildConfigurations = (
				F9D44BDD24A9C3A70034F14A /* Debug */,
				F9D44BDE24A9C3A70034F14A /* Release */,
			);
			defaultConfigurationIsVisible = 0;
			defaultConfigurationName = Release;
		};
/* End XCConfigurationList section */
	};
	rootObject = F9D44B9F24A9C3A50034F14A /* Project object */;
}
